// !$*UTF8*$!
{
	archiveVersion = 1;
	classes = {
	};
	objectVersion = 56;
	objects = {

/* Begin PBXBuildFile section */
		938238CD292A06AD00D5DE6D /* AppDelegate.swift in Sources */ = {isa = PBXBuildFile; fileRef = 938238CC292A06AD00D5DE6D /* AppDelegate.swift */; };
		938238CF292A06AD00D5DE6D /* SceneDelegate.swift in Sources */ = {isa = PBXBuildFile; fileRef = 938238CE292A06AD00D5DE6D /* SceneDelegate.swift */; };
		938238D1292A06AD00D5DE6D /* ViewController.swift in Sources */ = {isa = PBXBuildFile; fileRef = 938238D0292A06AD00D5DE6D /* ViewController.swift */; };
		938238D4292A06AD00D5DE6D /* Main.storyboard in Resources */ = {isa = PBXBuildFile; fileRef = 938238D2292A06AD00D5DE6D /* Main.storyboard */; };
		938238D6292A06AF00D5DE6D /* Assets.xcassets in Resources */ = {isa = PBXBuildFile; fileRef = 938238D5292A06AF00D5DE6D /* Assets.xcassets */; };
		938238D9292A06AF00D5DE6D /* LaunchScreen.storyboard in Resources */ = {isa = PBXBuildFile; fileRef = 938238D7292A06AF00D5DE6D /* LaunchScreen.storyboard */; };
		938238E4292A06AF00D5DE6D /* UIPageControllerDemoTests.swift in Sources */ = {isa = PBXBuildFile; fileRef = 938238E3292A06AF00D5DE6D /* UIPageControllerDemoTests.swift */; };
		938238EE292A06AF00D5DE6D /* UIPageControllerDemoUITests.swift in Sources */ = {isa = PBXBuildFile; fileRef = 938238ED292A06AF00D5DE6D /* UIPageControllerDemoUITests.swift */; };
		938238F0292A06AF00D5DE6D /* UIPageControllerDemoUITestsLaunchTests.swift in Sources */ = {isa = PBXBuildFile; fileRef = 938238EF292A06AF00D5DE6D /* UIPageControllerDemoUITestsLaunchTests.swift */; };
/* End PBXBuildFile section */

/* Begin PBXContainerItemProxy section */
		938238E0292A06AF00D5DE6D /* PBXContainerItemProxy */ = {
			isa = PBXContainerItemProxy;
			containerPortal = 938238C1292A06AD00D5DE6D /* Project object */;
			proxyType = 1;
			remoteGlobalIDString = 938238C8292A06AD00D5DE6D;
			remoteInfo = UIPageControllerDemo;
		};
		938238EA292A06AF00D5DE6D /* PBXContainerItemProxy */ = {
			isa = PBXContainerItemProxy;
			containerPortal = 938238C1292A06AD00D5DE6D /* Project object */;
			proxyType = 1;
			remoteGlobalIDString = 938238C8292A06AD00D5DE6D;
			remoteInfo = UIPageControllerDemo;
		};
/* End PBXContainerItemProxy section */

/* Begin PBXFileReference section */
		938238C9292A06AD00D5DE6D /* UIPageControllerDemo.app */ = {isa = PBXFileReference; explicitFileType = wrapper.application; includeInIndex = 0; path = UIPageControllerDemo.app; sourceTree = BUILT_PRODUCTS_DIR; };
		938238CC292A06AD00D5DE6D /* AppDelegate.swift */ = {isa = PBXFileReference; lastKnownFileType = sourcecode.swift; path = AppDelegate.swift; sourceTree = "<group>"; };
		938238CE292A06AD00D5DE6D /* SceneDelegate.swift */ = {isa = PBXFileReference; lastKnownFileType = sourcecode.swift; path = SceneDelegate.swift; sourceTree = "<group>"; };
		938238D0292A06AD00D5DE6D /* ViewController.swift */ = {isa = PBXFileReference; lastKnownFileType = sourcecode.swift; path = ViewController.swift; sourceTree = "<group>"; };
		938238D3292A06AD00D5DE6D /* Base */ = {isa = PBXFileReference; lastKnownFileType = file.storyboard; name = Base; path = Base.lproj/Main.storyboard; sourceTree = "<group>"; };
		938238D5292A06AF00D5DE6D /* Assets.xcassets */ = {isa = PBXFileReference; lastKnownFileType = folder.assetcatalog; path = Assets.xcassets; sourceTree = "<group>"; };
		938238D8292A06AF00D5DE6D /* Base */ = {isa = PBXFileReference; lastKnownFileType = file.storyboard; name = Base; path = Base.lproj/LaunchScreen.storyboard; sourceTree = "<group>"; };
		938238DA292A06AF00D5DE6D /* Info.plist */ = {isa = PBXFileReference; lastKnownFileType = text.plist.xml; path = Info.plist; sourceTree = "<group>"; };
		938238DF292A06AF00D5DE6D /* UIPageControllerDemoTests.xctest */ = {isa = PBXFileReference; explicitFileType = wrapper.cfbundle; includeInIndex = 0; path = UIPageControllerDemoTests.xctest; sourceTree = BUILT_PRODUCTS_DIR; };
		938238E3292A06AF00D5DE6D /* UIPageControllerDemoTests.swift */ = {isa = PBXFileReference; lastKnownFileType = sourcecode.swift; path = UIPageControllerDemoTests.swift; sourceTree = "<group>"; };
		938238E9292A06AF00D5DE6D /* UIPageControllerDemoUITests.xctest */ = {isa = PBXFileReference; explicitFileType = wrapper.cfbundle; includeInIndex = 0; path = UIPageControllerDemoUITests.xctest; sourceTree = BUILT_PRODUCTS_DIR; };
		938238ED292A06AF00D5DE6D /* UIPageControllerDemoUITests.swift */ = {isa = PBXFileReference; lastKnownFileType = sourcecode.swift; path = UIPageControllerDemoUITests.swift; sourceTree = "<group>"; };
		938238EF292A06AF00D5DE6D /* UIPageControllerDemoUITestsLaunchTests.swift */ = {isa = PBXFileReference; lastKnownFileType = sourcecode.swift; path = UIPageControllerDemoUITestsLaunchTests.swift; sourceTree = "<group>"; };
/* End PBXFileReference section */

/* Begin PBXFrameworksBuildPhase section */
		938238C6292A06AD00D5DE6D /* Frameworks */ = {
			isa = PBXFrameworksBuildPhase;
			buildActionMask = 2147483647;
			files = (
			);
			runOnlyForDeploymentPostprocessing = 0;
		};
		938238DC292A06AF00D5DE6D /* Frameworks */ = {
			isa = PBXFrameworksBuildPhase;
			buildActionMask = 2147483647;
			files = (
			);
			runOnlyForDeploymentPostprocessing = 0;
		};
		938238E6292A06AF00D5DE6D /* Frameworks */ = {
			isa = PBXFrameworksBuildPhase;
			buildActionMask = 2147483647;
			files = (
			);
			runOnlyForDeploymentPostprocessing = 0;
		};
/* End PBXFrameworksBuildPhase section */

/* Begin PBXGroup section */
		938238C0292A06AD00D5DE6D = {
			isa = PBXGroup;
			children = (
				938238CB292A06AD00D5DE6D /* UIPageControllerDemo */,
				938238E2292A06AF00D5DE6D /* UIPageControllerDemoTests */,
				938238EC292A06AF00D5DE6D /* UIPageControllerDemoUITests */,
				938238CA292A06AD00D5DE6D /* Products */,
			);
			sourceTree = "<group>";
		};
		938238CA292A06AD00D5DE6D /* Products */ = {
			isa = PBXGroup;
			children = (
				938238C9292A06AD00D5DE6D /* UIPageControllerDemo.app */,
				938238DF292A06AF00D5DE6D /* UIPageControllerDemoTests.xctest */,
				938238E9292A06AF00D5DE6D /* UIPageControllerDemoUITests.xctest */,
			);
			name = Products;
			sourceTree = "<group>";
		};
		938238CB292A06AD00D5DE6D /* UIPageControllerDemo */ = {
			isa = PBXGroup;
			children = (
				938238CC292A06AD00D5DE6D /* AppDelegate.swift */,
				938238CE292A06AD00D5DE6D /* SceneDelegate.swift */,
				938238D0292A06AD00D5DE6D /* ViewController.swift */,
				938238D2292A06AD00D5DE6D /* Main.storyboard */,
				938238D5292A06AF00D5DE6D /* Assets.xcassets */,
				938238D7292A06AF00D5DE6D /* LaunchScreen.storyboard */,
				938238DA292A06AF00D5DE6D /* Info.plist */,
			);
			path = UIPageControllerDemo;
			sourceTree = "<group>";
		};
		938238E2292A06AF00D5DE6D /* UIPageControllerDemoTests */ = {
			isa = PBXGroup;
			children = (
				938238E3292A06AF00D5DE6D /* UIPageControllerDemoTests.swift */,
			);
			path = UIPageControllerDemoTests;
			sourceTree = "<group>";
		};
		938238EC292A06AF00D5DE6D /* UIPageControllerDemoUITests */ = {
			isa = PBXGroup;
			children = (
				938238ED292A06AF00D5DE6D /* UIPageControllerDemoUITests.swift */,
				938238EF292A06AF00D5DE6D /* UIPageControllerDemoUITestsLaunchTests.swift */,
			);
			path = UIPageControllerDemoUITests;
			sourceTree = "<group>";
		};
/* End PBXGroup section */

/* Begin PBXNativeTarget section */
		938238C8292A06AD00D5DE6D /* UIPageControllerDemo */ = {
			isa = PBXNativeTarget;
			buildConfigurationList = 938238F3292A06AF00D5DE6D /* Build configuration list for PBXNativeTarget "UIPageControllerDemo" */;
			buildPhases = (
				938238C5292A06AD00D5DE6D /* Sources */,
				938238C6292A06AD00D5DE6D /* Frameworks */,
				938238C7292A06AD00D5DE6D /* Resources */,
			);
			buildRules = (
			);
			dependencies = (
			);
			name = UIPageControllerDemo;
			productName = UIPageControllerDemo;
			productReference = 938238C9292A06AD00D5DE6D /* UIPageControllerDemo.app */;
			productType = "com.apple.product-type.application";
		};
		938238DE292A06AF00D5DE6D /* UIPageControllerDemoTests */ = {
			isa = PBXNativeTarget;
			buildConfigurationList = 938238F6292A06AF00D5DE6D /* Build configuration list for PBXNativeTarget "UIPageControllerDemoTests" */;
			buildPhases = (
				938238DB292A06AF00D5DE6D /* Sources */,
				938238DC292A06AF00D5DE6D /* Frameworks */,
				938238DD292A06AF00D5DE6D /* Resources */,
			);
			buildRules = (
			);
			dependencies = (
				938238E1292A06AF00D5DE6D /* PBXTargetDependency */,
			);
			name = UIPageControllerDemoTests;
			productName = UIPageControllerDemoTests;
			productReference = 938238DF292A06AF00D5DE6D /* UIPageControllerDemoTests.xctest */;
			productType = "com.apple.product-type.bundle.unit-test";
		};
		938238E8292A06AF00D5DE6D /* UIPageControllerDemoUITests */ = {
			isa = PBXNativeTarget;
			buildConfigurationList = 938238F9292A06AF00D5DE6D /* Build configuration list for PBXNativeTarget "UIPageControllerDemoUITests" */;
			buildPhases = (
				938238E5292A06AF00D5DE6D /* Sources */,
				938238E6292A06AF00D5DE6D /* Frameworks */,
				938238E7292A06AF00D5DE6D /* Resources */,
			);
			buildRules = (
			);
			dependencies = (
				938238EB292A06AF00D5DE6D /* PBXTargetDependency */,
			);
			name = UIPageControllerDemoUITests;
			productName = UIPageControllerDemoUITests;
			productReference = 938238E9292A06AF00D5DE6D /* UIPageControllerDemoUITests.xctest */;
			productType = "com.apple.product-type.bundle.ui-testing";
		};
/* End PBXNativeTarget section */

/* Begin PBXProject section */
		938238C1292A06AD00D5DE6D /* Project object */ = {
			isa = PBXProject;
			attributes = {
				BuildIndependentTargetsInParallel = 1;
				LastSwiftUpdateCheck = 1410;
				LastUpgradeCheck = 1410;
				TargetAttributes = {
					938238C8292A06AD00D5DE6D = {
						CreatedOnToolsVersion = 14.1;
					};
					938238DE292A06AF00D5DE6D = {
						CreatedOnToolsVersion = 14.1;
						TestTargetID = 938238C8292A06AD00D5DE6D;
					};
					938238E8292A06AF00D5DE6D = {
						CreatedOnToolsVersion = 14.1;
						TestTargetID = 938238C8292A06AD00D5DE6D;
					};
				};
			};
			buildConfigurationList = 938238C4292A06AD00D5DE6D /* Build configuration list for PBXProject "UIPageControllerDemo" */;
			compatibilityVersion = "Xcode 14.0";
			developmentRegion = en;
			hasScannedForEncodings = 0;
			knownRegions = (
				en,
				Base,
			);
			mainGroup = 938238C0292A06AD00D5DE6D;
			productRefGroup = 938238CA292A06AD00D5DE6D /* Products */;
			projectDirPath = "";
			projectRoot = "";
			targets = (
				938238C8292A06AD00D5DE6D /* UIPageControllerDemo */,
				938238DE292A06AF00D5DE6D /* UIPageControllerDemoTests */,
				938238E8292A06AF00D5DE6D /* UIPageControllerDemoUITests */,
			);
		};
/* End PBXProject section */

/* Begin PBXResourcesBuildPhase section */
		938238C7292A06AD00D5DE6D /* Resources */ = {
			isa = PBXResourcesBuildPhase;
			buildActionMask = 2147483647;
			files = (
				938238D9292A06AF00D5DE6D /* LaunchScreen.storyboard in Resources */,
				938238D6292A06AF00D5DE6D /* Assets.xcassets in Resources */,
				938238D4292A06AD00D5DE6D /* Main.storyboard in Resources */,
			);
			runOnlyForDeploymentPostprocessing = 0;
		};
		938238DD292A06AF00D5DE6D /* Resources */ = {
			isa = PBXResourcesBuildPhase;
			buildActionMask = 2147483647;
			files = (
			);
			runOnlyForDeploymentPostprocessing = 0;
		};
		938238E7292A06AF00D5DE6D /* Resources */ = {
			isa = PBXResourcesBuildPhase;
			buildActionMask = 2147483647;
			files = (
			);
			runOnlyForDeploymentPostprocessing = 0;
		};
/* End PBXResourcesBuildPhase section */

/* Begin PBXSourcesBuildPhase section */
		938238C5292A06AD00D5DE6D /* Sources */ = {
			isa = PBXSourcesBuildPhase;
			buildActionMask = 2147483647;
			files = (
				938238D1292A06AD00D5DE6D /* ViewController.swift in Sources */,
				938238CD292A06AD00D5DE6D /* AppDelegate.swift in Sources */,
				938238CF292A06AD00D5DE6D /* SceneDelegate.swift in Sources */,
			);
			runOnlyForDeploymentPostprocessing = 0;
		};
		938238DB292A06AF00D5DE6D /* Sources */ = {
			isa = PBXSourcesBuildPhase;
			buildActionMask = 2147483647;
			files = (
				938238E4292A06AF00D5DE6D /* UIPageControllerDemoTests.swift in Sources */,
			);
			runOnlyForDeploymentPostprocessing = 0;
		};
		938238E5292A06AF00D5DE6D /* Sources */ = {
			isa = PBXSourcesBuildPhase;
			buildActionMask = 2147483647;
			files = (
				938238F0292A06AF00D5DE6D /* UIPageControllerDemoUITestsLaunchTests.swift in Sources */,
				938238EE292A06AF00D5DE6D /* UIPageControllerDemoUITests.swift in Sources */,
			);
			runOnlyForDeploymentPostprocessing = 0;
		};
/* End PBXSourcesBuildPhase section */

/* Begin PBXTargetDependency section */
		938238E1292A06AF00D5DE6D /* PBXTargetDependency */ = {
			isa = PBXTargetDependency;
			target = 938238C8292A06AD00D5DE6D /* UIPageControllerDemo */;
			targetProxy = 938238E0292A06AF00D5DE6D /* PBXContainerItemProxy */;
		};
		938238EB292A06AF00D5DE6D /* PBXTargetDependency */ = {
			isa = PBXTargetDependency;
			target = 938238C8292A06AD00D5DE6D /* UIPageControllerDemo */;
			targetProxy = 938238EA292A06AF00D5DE6D /* PBXContainerItemProxy */;
		};
/* End PBXTargetDependency section */

/* Begin PBXVariantGroup section */
		938238D2292A06AD00D5DE6D /* Main.storyboard */ = {
			isa = PBXVariantGroup;
			children = (
				938238D3292A06AD00D5DE6D /* Base */,
			);
			name = Main.storyboard;
			sourceTree = "<group>";
		};
		938238D7292A06AF00D5DE6D /* LaunchScreen.storyboard */ = {
			isa = PBXVariantGroup;
			children = (
				938238D8292A06AF00D5DE6D /* Base */,
			);
			name = LaunchScreen.storyboard;
			sourceTree = "<group>";
		};
/* End PBXVariantGroup section */

/* Begin XCBuildConfiguration section */
		938238F1292A06AF00D5DE6D /* Debug */ = {
			isa = XCBuildConfiguration;
			buildSettings = {
				ALWAYS_SEARCH_USER_PATHS = NO;
				CLANG_ANALYZER_NONNULL = YES;
				CLANG_ANALYZER_NUMBER_OBJECT_CONVERSION = YES_AGGRESSIVE;
				CLANG_CXX_LANGUAGE_STANDARD = "gnu++20";
				CLANG_ENABLE_MODULES = YES;
				CLANG_ENABLE_OBJC_ARC = YES;
				CLANG_ENABLE_OBJC_WEAK = YES;
				CLANG_WARN_BLOCK_CAPTURE_AUTORELEASING = YES;
				CLANG_WARN_BOOL_CONVERSION = YES;
				CLANG_WARN_COMMA = YES;
				CLANG_WARN_CONSTANT_CONVERSION = YES;
				CLANG_WARN_DEPRECATED_OBJC_IMPLEMENTATIONS = YES;
				CLANG_WARN_DIRECT_OBJC_ISA_USAGE = YES_ERROR;
				CLANG_WARN_DOCUMENTATION_COMMENTS = YES;
				CLANG_WARN_EMPTY_BODY = YES;
				CLANG_WARN_ENUM_CONVERSION = YES;
				CLANG_WARN_INFINITE_RECURSION = YES;
				CLANG_WARN_INT_CONVERSION = YES;
				CLANG_WARN_NON_LITERAL_NULL_CONVERSION = YES;
				CLANG_WARN_OBJC_IMPLICIT_RETAIN_SELF = YES;
				CLANG_WARN_OBJC_LITERAL_CONVERSION = YES;
				CLANG_WARN_OBJC_ROOT_CLASS = YES_ERROR;
				CLANG_WARN_QUOTED_INCLUDE_IN_FRAMEWORK_HEADER = YES;
				CLANG_WARN_RANGE_LOOP_ANALYSIS = YES;
				CLANG_WARN_STRICT_PROTOTYPES = YES;
				CLANG_WARN_SUSPICIOUS_MOVE = YES;
				CLANG_WARN_UNGUARDED_AVAILABILITY = YES_AGGRESSIVE;
				CLANG_WARN_UNREACHABLE_CODE = YES;
				CLANG_WARN__DUPLICATE_METHOD_MATCH = YES;
				COPY_PHASE_STRIP = NO;
				DEBUG_INFORMATION_FORMAT = dwarf;
				ENABLE_STRICT_OBJC_MSGSEND = YES;
				ENABLE_TESTABILITY = YES;
				GCC_C_LANGUAGE_STANDARD = gnu11;
				GCC_DYNAMIC_NO_PIC = NO;
				GCC_NO_COMMON_BLOCKS = YES;
				GCC_OPTIMIZATION_LEVEL = 0;
				GCC_PREPROCESSOR_DEFINITIONS = (
					"DEBUG=1",
					"$(inherited)",
				);
				GCC_WARN_64_TO_32_BIT_CONVERSION = YES;
				GCC_WARN_ABOUT_RETURN_TYPE = YES_ERROR;
				GCC_WARN_UNDECLARED_SELECTOR = YES;
				GCC_WARN_UNINITIALIZED_AUTOS = YES_AGGRESSIVE;
				GCC_WARN_UNUSED_FUNCTION = YES;
				GCC_WARN_UNUSED_VARIABLE = YES;
				IPHONEOS_DEPLOYMENT_TARGET = 16.1;
				MTL_ENABLE_DEBUG_INFO = INCLUDE_SOURCE;
				MTL_FAST_MATH = YES;
				ONLY_ACTIVE_ARCH = YES;
				SDKROOT = iphoneos;
				SWIFT_ACTIVE_COMPILATION_CONDITIONS = DEBUG;
				SWIFT_OPTIMIZATION_LEVEL = "-Onone";
			};
			name = Debug;
		};
		938238F2292A06AF00D5DE6D /* Release */ = {
			isa = XCBuildConfiguration;
			buildSettings = {
				ALWAYS_SEARCH_USER_PATHS = NO;
				CLANG_ANALYZER_NONNULL = YES;
				CLANG_ANALYZER_NUMBER_OBJECT_CONVERSION = YES_AGGRESSIVE;
				CLANG_CXX_LANGUAGE_STANDARD = "gnu++20";
				CLANG_ENABLE_MODULES = YES;
				CLANG_ENABLE_OBJC_ARC = YES;
				CLANG_ENABLE_OBJC_WEAK = YES;
				CLANG_WARN_BLOCK_CAPTURE_AUTORELEASING = YES;
				CLANG_WARN_BOOL_CONVERSION = YES;
				CLANG_WARN_COMMA = YES;
				CLANG_WARN_CONSTANT_CONVERSION = YES;
				CLANG_WARN_DEPRECATED_OBJC_IMPLEMENTATIONS = YES;
				CLANG_WARN_DIRECT_OBJC_ISA_USAGE = YES_ERROR;
				CLANG_WARN_DOCUMENTATION_COMMENTS = YES;
				CLANG_WARN_EMPTY_BODY = YES;
				CLANG_WARN_ENUM_CONVERSION = YES;
				CLANG_WARN_INFINITE_RECURSION = YES;
				CLANG_WARN_INT_CONVERSION = YES;
				CLANG_WARN_NON_LITERAL_NULL_CONVERSION = YES;
				CLANG_WARN_OBJC_IMPLICIT_RETAIN_SELF = YES;
				CLANG_WARN_OBJC_LITERAL_CONVERSION = YES;
				CLANG_WARN_OBJC_ROOT_CLASS = YES_ERROR;
				CLANG_WARN_QUOTED_INCLUDE_IN_FRAMEWORK_HEADER = YES;
				CLANG_WARN_RANGE_LOOP_ANALYSIS = YES;
				CLANG_WARN_STRICT_PROTOTYPES = YES;
				CLANG_WARN_SUSPICIOUS_MOVE = YES;
				CLANG_WARN_UNGUARDED_AVAILABILITY = YES_AGGRESSIVE;
				CLANG_WARN_UNREACHABLE_CODE = YES;
				CLANG_WARN__DUPLICATE_METHOD_MATCH = YES;
				COPY_PHASE_STRIP = NO;
				DEBUG_INFORMATION_FORMAT = "dwarf-with-dsym";
				ENABLE_NS_ASSERTIONS = NO;
				ENABLE_STRICT_OBJC_MSGSEND = YES;
				GCC_C_LANGUAGE_STANDARD = gnu11;
				GCC_NO_COMMON_BLOCKS = YES;
				GCC_WARN_64_TO_32_BIT_CONVERSION = YES;
				GCC_WARN_ABOUT_RETURN_TYPE = YES_ERROR;
				GCC_WARN_UNDECLARED_SELECTOR = YES;
				GCC_WARN_UNINITIALIZED_AUTOS = YES_AGGRESSIVE;
				GCC_WARN_UNUSED_FUNCTION = YES;
				GCC_WARN_UNUSED_VARIABLE = YES;
				IPHONEOS_DEPLOYMENT_TARGET = 16.1;
				MTL_ENABLE_DEBUG_INFO = NO;
				MTL_FAST_MATH = YES;
				SDKROOT = iphoneos;
				SWIFT_COMPILATION_MODE = wholemodule;
				SWIFT_OPTIMIZATION_LEVEL = "-O";
				VALIDATE_PRODUCT = YES;
			};
			name = Release;
		};
		938238F4292A06AF00D5DE6D /* Debug */ = {
			isa = XCBuildConfiguration;
			buildSettings = {
				ASSETCATALOG_COMPILER_APPICON_NAME = AppIcon;
				ASSETCATALOG_COMPILER_GLOBAL_ACCENT_COLOR_NAME = AccentColor;
				CODE_SIGN_STYLE = Automatic;
				CURRENT_PROJECT_VERSION = 1;
				GENERATE_INFOPLIST_FILE = YES;
				INFOPLIST_FILE = UIPageControllerDemo/Info.plist;
				INFOPLIST_KEY_UIApplicationSupportsIndirectInputEvents = YES;
				INFOPLIST_KEY_UILaunchStoryboardName = LaunchScreen;
				INFOPLIST_KEY_UIMainStoryboardFile = Main;
				INFOPLIST_KEY_UISupportedInterfaceOrientations_iPad = "UIInterfaceOrientationPortrait UIInterfaceOrientationPortraitUpsideDown UIInterfaceOrientationLandscapeLeft UIInterfaceOrientationLandscapeRight";
				INFOPLIST_KEY_UISupportedInterfaceOrientations_iPhone = "UIInterfaceOrientationPortrait UIInterfaceOrientationLandscapeLeft UIInterfaceOrientationLandscapeRight";
				LD_RUNPATH_SEARCH_PATHS = (
					"$(inherited)",
					"@executable_path/Frameworks",
				);
				MARKETING_VERSION = 1.0;
				PRODUCT_BUNDLE_IDENTIFIER = kmong.com.UIPageControllerDemo;
				PRODUCT_NAME = "$(TARGET_NAME)";
				SWIFT_EMIT_LOC_STRINGS = YES;
				SWIFT_VERSION = 5.0;
				TARGETED_DEVICE_FAMILY = "1,2";
			};
			name = Debug;
		};
		938238F5292A06AF00D5DE6D /* Release */ = {
			isa = XCBuildConfiguration;
			buildSettings = {
				ASSETCATALOG_COMPILER_APPICON_NAME = AppIcon;
				ASSETCATALOG_COMPILER_GLOBAL_ACCENT_COLOR_NAME = AccentColor;
				CODE_SIGN_STYLE = Automatic;
				CURRENT_PROJECT_VERSION = 1;
				GENERATE_INFOPLIST_FILE = YES;
				INFOPLIST_FILE = UIPageControllerDemo/Info.plist;
				INFOPLIST_KEY_UIApplicationSupportsIndirectInputEvents = YES;
				INFOPLIST_KEY_UILaunchStoryboardName = LaunchScreen;
				INFOPLIST_KEY_UIMainStoryboardFile = Main;
				INFOPLIST_KEY_UISupportedInterfaceOrientations_iPad = "UIInterfaceOrientationPortrait UIInterfaceOrientationPortraitUpsideDown UIInterfaceOrientationLandscapeLeft UIInterfaceOrientationLandscapeRight";
				INFOPLIST_KEY_UISupportedInterfaceOrientations_iPhone = "UIInterfaceOrientationPortrait UIInterfaceOrientationLandscapeLeft UIInterfaceOrientationLandscapeRight";
				LD_RUNPATH_SEARCH_PATHS = (
					"$(inherited)",
					"@executable_path/Frameworks",
				);
				MARKETING_VERSION = 1.0;
				PRODUCT_BUNDLE_IDENTIFIER = kmong.com.UIPageControllerDemo;
				PRODUCT_NAME = "$(TARGET_NAME)";
				SWIFT_EMIT_LOC_STRINGS = YES;
				SWIFT_VERSION = 5.0;
				TARGETED_DEVICE_FAMILY = "1,2";
			};
			name = Release;
		};
		938238F7292A06AF00D5DE6D /* Debug */ = {
			isa = XCBuildConfiguration;
			buildSettings = {
				ALWAYS_EMBED_SWIFT_STANDARD_LIBRARIES = YES;
				BUNDLE_LOADER = "$(TEST_HOST)";
				CODE_SIGN_STYLE = Automatic;
				CURRENT_PROJECT_VERSION = 1;
				GENERATE_INFOPLIST_FILE = YES;
				IPHONEOS_DEPLOYMENT_TARGET = 16.1;
				MARKETING_VERSION = 1.0;
				PRODUCT_BUNDLE_IDENTIFIER = kmong.com.UIPageControllerDemoTests;
				PRODUCT_NAME = "$(TARGET_NAME)";
				SWIFT_EMIT_LOC_STRINGS = NO;
				SWIFT_VERSION = 5.0;
				TARGETED_DEVICE_FAMILY = "1,2";
				TEST_HOST = "$(BUILT_PRODUCTS_DIR)/UIPageControllerDemo.app/$(BUNDLE_EXECUTABLE_FOLDER_PATH)/UIPageControllerDemo";
			};
			name = Debug;
		};
		938238F8292A06AF00D5DE6D /* Release */ = {
			isa = XCBuildConfiguration;
			buildSettings = {
				ALWAYS_EMBED_SWIFT_STANDARD_LIBRARIES = YES;
				BUNDLE_LOADER = "$(TEST_HOST)";
				CODE_SIGN_STYLE = Automatic;
				CURRENT_PROJECT_VERSION = 1;
				GENERATE_INFOPLIST_FILE = YES;
				IPHONEOS_DEPLOYMENT_TARGET = 16.1;
				MARKETING_VERSION = 1.0;
				PRODUCT_BUNDLE_IDENTIFIER = kmong.com.UIPageControllerDemoTests;
				PRODUCT_NAME = "$(TARGET_NAME)";
				SWIFT_EMIT_LOC_STRINGS = NO;
				SWIFT_VERSION = 5.0;
				TARGETED_DEVICE_FAMILY = "1,2";
				TEST_HOST = "$(BUILT_PRODUCTS_DIR)/UIPageControllerDemo.app/$(BUNDLE_EXECUTABLE_FOLDER_PATH)/UIPageControllerDemo";
			};
			name = Release;
		};
		938238FA292A06AF00D5DE6D /* Debug */ = {
			isa = XCBuildConfiguration;
			buildSettings = {
				ALWAYS_EMBED_SWIFT_STANDARD_LIBRARIES = YES;
				CODE_SIGN_STYLE = Automatic;
				CURRENT_PROJECT_VERSION = 1;
				GENERATE_INFOPLIST_FILE = YES;
				MARKETING_VERSION = 1.0;
				PRODUCT_BUNDLE_IDENTIFIER = kmong.com.UIPageControllerDemoUITests;
				PRODUCT_NAME = "$(TARGET_NAME)";
				SWIFT_EMIT_LOC_STRINGS = NO;
				SWIFT_VERSION = 5.0;
				TARGETED_DEVICE_FAMILY = "1,2";
				TEST_TARGET_NAME = UIPageControllerDemo;
			};
			name = Debug;
		};
		938238FB292A06AF00D5DE6D /* Release */ = {
			isa = XCBuildConfiguration;
			buildSettings = {
				ALWAYS_EMBED_SWIFT_STANDARD_LIBRARIES = YES;
				CODE_SIGN_STYLE = Automatic;
				CURRENT_PROJECT_VERSION = 1;
				GENERATE_INFOPLIST_FILE = YES;
				MARKETING_VERSION = 1.0;
				PRODUCT_BUNDLE_IDENTIFIER = kmong.com.UIPageControllerDemoUITests;
				PRODUCT_NAME = "$(TARGET_NAME)";
				SWIFT_EMIT_LOC_STRINGS = NO;
				SWIFT_VERSION = 5.0;
				TARGETED_DEVICE_FAMILY = "1,2";
				TEST_TARGET_NAME = UIPageControllerDemo;
			};
			name = Release;
		};
/* End XCBuildConfiguration section */

/* Begin XCConfigurationList section */
		938238C4292A06AD00D5DE6D /* Build configuration list for PBXProject "UIPageControllerDemo" */ = {
			isa = XCConfigurationList;
			buildConfigurations = (
				938238F1292A06AF00D5DE6D /* Debug */,
				938238F2292A06AF00D5DE6D /* Release */,
			);
			defaultConfigurationIsVisible = 0;
			defaultConfigurationName = Release;
		};
		938238F3292A06AF00D5DE6D /* Build configuration list for PBXNativeTarget "UIPageControllerDemo" */ = {
			isa = XCConfigurationList;
			buildConfigurations = (
				938238F4292A06AF00D5DE6D /* Debug */,
				938238F5292A06AF00D5DE6D /* Release */,
			);
			defaultConfigurationIsVisible = 0;
			defaultConfigurationName = Release;
		};
		938238F6292A06AF00D5DE6D /* Build configuration list for PBXNativeTarget "UIPageControllerDemoTests" */ = {
			isa = XCConfigurationList;
			buildConfigurations = (
				938238F7292A06AF00D5DE6D /* Debug */,
				938238F8292A06AF00D5DE6D /* Release */,
			);
			defaultConfigurationIsVisible = 0;
			defaultConfigurationName = Release;
		};
		938238F9292A06AF00D5DE6D /* Build configuration list for PBXNativeTarget "UIPageControllerDemoUITests" */ = {
			isa = XCConfigurationList;
			buildConfigurations = (
				938238FA292A06AF00D5DE6D /* Debug */,
				938238FB292A06AF00D5DE6D /* Release */,
			);
			defaultConfigurationIsVisible = 0;
			defaultConfigurationName = Release;
		};
/* End XCConfigurationList section */
	};
	rootObject = 938238C1292A06AD00D5DE6D /* Project object */;
}
